
Microsoft Visual Studio Solution File, Format Version 12.00
# Visual Studio 15
VisualStudioVersion = 15.0.27004.2009
MinimumVisualStudioVersion = 10.0.40219.1
Project("{8BC9CEB8-8B4A-11D0-8D11-00A0C91BC942}") = "SweKo_Lens", "SweKo_Lens\SweKo_Lens.vcxproj", "{0DCE817A-8746-4C76-B00A-A7E97E1992EB}"
EndProject
Global
	GlobalSection(SolutionConfigurationPlatforms) = preSolution
		Debug|x64 = Debug|x64
		Debug|x86 = Debug|x86
		Release|x64 = Release|x64
		Release|x86 = Release|x86
	EndGlobalSection
	GlobalSection(ProjectConfigurationPlatforms) = postSolution
		{0DCE817A-8746-4C76-B00A-A7E97E1992EB}.Debug|x64.ActiveCfg = Debug|x64
		{0DCE817A-8746-4C76-B00A-A7E97E1992EB}.Debug|x64.Build.0 = Debug|x64
		{0DCE817A-8746-4C76-B00A-A7E97E1992EB}.Debug|x86.ActiveCfg = Debug|Win32
		{0DCE817A-8746-4C76-B00A-A7E97E1992EB}.Debug|x86.Build.0 = Debug|Win32
		{0DCE817A-8746-4C76-B00A-A7E97E1992EB}.Release|x64.ActiveCfg = Release|x64
		{0DCE817A-8746-4C76-B00A-A7E97E1992EB}.Release|x64.Build.0 = Release|x64
		{0DCE817A-8746-4C76-B00A-A7E97E1992EB}.Release|x86.ActiveCfg = Release|Win32
		{0DCE817A-8746-4C76-B00A-A7E97E1992EB}.Release|x86.Build.0 = Release|Win32
	EndGlobalSection
	GlobalSection(SolutionProperties) = preSolution
		HideSolutionNode = FALSE
	EndGlobalSection
	GlobalSection(ExtensibilityGlobals) = postSolution
		SolutionGuid = {B89FE421-F7D5-44ED-8F2B-55080682798C}
	EndGlobalSection
EndGlobal
